
Microsoft Visual Studio Solution File, Format Version 12.00
# Visual Studio Version 16
VisualStudioVersion = 16.0.32428.217
MinimumVisualStudioVersion = 10.0.40219.1
Project("{FAE04EC0-301F-11D3-BF4B-00C04F79EFBC}") = "SRPDemoApp", "SRPDemoApp\SRPDemoApp.csproj", "{3F480D93-FB8B-42FC-BBAA-8754AC7A5350}"
EndProject
Global
	GlobalSection(SolutionConfigurationPlatforms) = preSolution
		Debug|Any CPU = Debug|Any CPU
		Release|Any CPU = Release|Any CPU
	EndGlobalSection
	GlobalSection(ProjectConfigurationPlatforms) = postSolution
		{3F480D93-FB8B-42FC-BBAA-8754AC7A5350}.Debug|Any CPU.ActiveCfg = Debug|Any CPU
		{3F480D93-FB8B-42FC-BBAA-8754AC7A5350}.Debug|Any CPU.Build.0 = Debug|Any CPU
		{3F480D93-FB8B-42FC-BBAA-8754AC7A5350}.Release|Any CPU.ActiveCfg = Release|Any CPU
		{3F480D93-FB8B-42FC-BBAA-8754AC7A5350}.Release|Any CPU.Build.0 = Release|Any CPU
	EndGlobalSection
	GlobalSection(SolutionProperties) = preSolution
		HideSolutionNode = FALSE
	EndGlobalSection
	GlobalSection(ExtensibilityGlobals) = postSolution
		SolutionGuid = {D6ABCE7C-1C96-478B-8E9C-1FB5E26BD3D1}
	EndGlobalSection
EndGlobal
